
Microsoft Visual Studio Solution File, Format Version 12.00
# Visual Studio Version 17
VisualStudioVersion = 17.8.34330.188
MinimumVisualStudioVersion = 10.0.40219.1
Project("{FAE04EC0-301F-11D3-BF4B-00C04F79EFBC}") = "Geometry", "Geometry\Geometry.csproj", "{351AD4F5-4689-4170-8507-C99AE6869ABC}"
EndProject
Global
	GlobalSection(SolutionConfigurationPlatforms) = preSolution
		Debug|Any CPU = Debug|Any CPU
		Release|Any CPU = Release|Any CPU
	EndGlobalSection
	GlobalSection(ProjectConfigurationPlatforms) = postSolution
		{351AD4F5-4689-4170-8507-C99AE6869ABC}.Debug|Any CPU.ActiveCfg = Debug|Any CPU
		{351AD4F5-4689-4170-8507-C99AE6869ABC}.Debug|Any CPU.Build.0 = Debug|Any CPU
		{351AD4F5-4689-4170-8507-C99AE6869ABC}.Release|Any CPU.ActiveCfg = Release|Any CPU
		{351AD4F5-4689-4170-8507-C99AE6869ABC}.Release|Any CPU.Build.0 = Release|Any CPU
	EndGlobalSection
	GlobalSection(SolutionProperties) = preSolution
		HideSolutionNode = FALSE
	EndGlobalSection
	GlobalSection(ExtensibilityGlobals) = postSolution
		SolutionGuid = {6AD1F3AF-520B-46CC-8EA7-DB8127AE529B}
	EndGlobalSection
EndGlobal
